
Microsoft Visual Studio Solution File, Format Version 12.00
# Visual Studio 14
VisualStudioVersion = 14.0.25420.1
MinimumVisualStudioVersion = 10.0.40219.1
Project("{FAE04EC0-301F-11D3-BF4B-00C04F79EFBC}") = "api", "api\api.csproj", "{595B76D8-34D7-44CF-A8FF-0A5A5B9036F0}"
EndProject
Project("{2150E333-8FDC-42A3-9474-1A3956D46DE8}") = "Domain", "Domain", "{5D576574-5C01-4723-8D25-E273D1313F08}"
EndProject
Project("{2150E333-8FDC-42A3-9474-1A3956D46DE8}") = "Repository", "Repository", "{DE4F3012-5AB7-45AB-8E9D-85CEDFFE99AF}"
EndProject
Project("{2150E333-8FDC-42A3-9474-1A3956D46DE8}") = "Common", "Common", "{BEF990F9-C193-4546-A31B-B85B8EFB480F}"
EndProject
Project("{FAE04EC0-301F-11D3-BF4B-00C04F79EFBC}") = "Common", "Common\Common.csproj", "{6CEE5BAF-9786-409F-B6C0-BD7ADFC8347D}"
EndProject
Project("{2150E333-8FDC-42A3-9474-1A3956D46DE8}") = "Service", "Service", "{FC077FD6-FE87-4862-AC2E-84AB1BA6791E}"
EndProject
Project("{FAE04EC0-301F-11D3-BF4B-00C04F79EFBC}") = "Domain.Models", "Domain\Domain.Models\Domain.Models.csproj", "{92EC7F75-B336-4761-A140-FCB92FCF21F5}"
EndProject
Project("{FAE04EC0-301F-11D3-BF4B-00C04F79EFBC}") = "Domain.IService", "Domain\Domain.IService\Domain.IService.csproj", "{A5696B90-6DC4-47C3-80E0-A6B54ED58EAE}"
EndProject
Project("{FAE04EC0-301F-11D3-BF4B-00C04F79EFBC}") = "Domain.IRespository", "Domain\Domain.Respository\Domain.IRespository.csproj", "{4135DBA9-A422-4412-85C1-CE525AFFE42C}"
EndProject
Global
	GlobalSection(SolutionConfigurationPlatforms) = preSolution
		Debug|Any CPU = Debug|Any CPU
		Release|Any CPU = Release|Any CPU
	EndGlobalSection
	GlobalSection(ProjectConfigurationPlatforms) = postSolution
		{595B76D8-34D7-44CF-A8FF-0A5A5B9036F0}.Debug|Any CPU.ActiveCfg = Debug|Any CPU
		{595B76D8-34D7-44CF-A8FF-0A5A5B9036F0}.Debug|Any CPU.Build.0 = Debug|Any CPU
		{595B76D8-34D7-44CF-A8FF-0A5A5B9036F0}.Release|Any CPU.ActiveCfg = Release|Any CPU
		{595B76D8-34D7-44CF-A8FF-0A5A5B9036F0}.Release|Any CPU.Build.0 = Release|Any CPU
		{6CEE5BAF-9786-409F-B6C0-BD7ADFC8347D}.Debug|Any CPU.ActiveCfg = Debug|Any CPU
		{6CEE5BAF-9786-409F-B6C0-BD7ADFC8347D}.Debug|Any CPU.Build.0 = Debug|Any CPU
		{6CEE5BAF-9786-409F-B6C0-BD7ADFC8347D}.Release|Any CPU.ActiveCfg = Release|Any CPU
		{6CEE5BAF-9786-409F-B6C0-BD7ADFC8347D}.Release|Any CPU.Build.0 = Release|Any CPU
		{92EC7F75-B336-4761-A140-FCB92FCF21F5}.Debug|Any CPU.ActiveCfg = Debug|Any CPU
		{92EC7F75-B336-4761-A140-FCB92FCF21F5}.Debug|Any CPU.Build.0 = Debug|Any CPU
		{92EC7F75-B336-4761-A140-FCB92FCF21F5}.Release|Any CPU.ActiveCfg = Release|Any CPU
		{92EC7F75-B336-4761-A140-FCB92FCF21F5}.Release|Any CPU.Build.0 = Release|Any CPU
		{A5696B90-6DC4-47C3-80E0-A6B54ED58EAE}.Debug|Any CPU.ActiveCfg = Debug|Any CPU
		{A5696B90-6DC4-47C3-80E0-A6B54ED58EAE}.Debug|Any CPU.Build.0 = Debug|Any CPU
		{A5696B90-6DC4-47C3-80E0-A6B54ED58EAE}.Release|Any CPU.ActiveCfg = Release|Any CPU
		{A5696B90-6DC4-47C3-80E0-A6B54ED58EAE}.Release|Any CPU.Build.0 = Release|Any CPU
		{4135DBA9-A422-4412-85C1-CE525AFFE42C}.Debug|Any CPU.ActiveCfg = Debug|Any CPU
		{4135DBA9-A422-4412-85C1-CE525AFFE42C}.Debug|Any CPU.Build.0 = Debug|Any CPU
		{4135DBA9-A422-4412-85C1-CE525AFFE42C}.Release|Any CPU.ActiveCfg = Release|Any CPU
		{4135DBA9-A422-4412-85C1-CE525AFFE42C}.Release|Any CPU.Build.0 = Release|Any CPU
	EndGlobalSection
	GlobalSection(SolutionProperties) = preSolution
		HideSolutionNode = FALSE
	EndGlobalSection
	GlobalSection(NestedProjects) = preSolution
		{6CEE5BAF-9786-409F-B6C0-BD7ADFC8347D} = {BEF990F9-C193-4546-A31B-B85B8EFB480F}
		{92EC7F75-B336-4761-A140-FCB92FCF21F5} = {5D576574-5C01-4723-8D25-E273D1313F08}
		{A5696B90-6DC4-47C3-80E0-A6B54ED58EAE} = {5D576574-5C01-4723-8D25-E273D1313F08}
		{4135DBA9-A422-4412-85C1-CE525AFFE42C} = {5D576574-5C01-4723-8D25-E273D1313F08}
	EndGlobalSection
EndGlobal
